
Microsoft Visual Studio Solution File, Format Version 12.00
# Visual Studio 14
VisualStudioVersion = 14.0.24720.0
MinimumVisualStudioVersion = 10.0.40219.1
Project("{FAE04EC0-301F-11D3-BF4B-00C04F79EFBC}") = "Asn1Net.Writer", "Asn1Net.Writer\Asn1Net.Writer.csproj", "{89F73F44-7D99-494B-BE52-D9B24871EA71}"
EndProject
Project("{FAE04EC0-301F-11D3-BF4B-00C04F79EFBC}") = "Tests", "Tests\Tests.csproj", "{BE4F96E1-F9B7-4D93-848C-B54600D53BE7}"
EndProject
Global
	GlobalSection(SolutionConfigurationPlatforms) = preSolution
		Debug|Any CPU = Debug|Any CPU
		Release|Any CPU = Release|Any CPU
	EndGlobalSection
	GlobalSection(ProjectConfigurationPlatforms) = postSolution
		{89F73F44-7D99-494B-BE52-D9B24871EA71}.Debug|Any CPU.ActiveCfg = Debug|Any CPU
		{89F73F44-7D99-494B-BE52-D9B24871EA71}.Debug|Any CPU.Build.0 = Debug|Any CPU
		{89F73F44-7D99-494B-BE52-D9B24871EA71}.Release|Any CPU.ActiveCfg = Release|Any CPU
		{89F73F44-7D99-494B-BE52-D9B24871EA71}.Release|Any CPU.Build.0 = Release|Any CPU
		{BE4F96E1-F9B7-4D93-848C-B54600D53BE7}.Debug|Any CPU.ActiveCfg = Debug|Any CPU
		{BE4F96E1-F9B7-4D93-848C-B54600D53BE7}.Debug|Any CPU.Build.0 = Debug|Any CPU
		{BE4F96E1-F9B7-4D93-848C-B54600D53BE7}.Release|Any CPU.ActiveCfg = Release|Any CPU
		{BE4F96E1-F9B7-4D93-848C-B54600D53BE7}.Release|Any CPU.Build.0 = Release|Any CPU
	EndGlobalSection
	GlobalSection(SolutionProperties) = preSolution
		HideSolutionNode = FALSE
	EndGlobalSection
EndGlobal
